// !$*UTF8*$!
{
	archiveVersion = 1;
	classes = {
	};
	objectVersion = 56;
	objects = {

/* Begin PBXBuildFile section */
		BB63D4042A9523D3003D17F8 /* AppDelegate.m in Sources */ = {isa = PBXBuildFile; fileRef = BB63D4032A9523D3003D17F8 /* AppDelegate.m */; };
		BB63D4072A9523D3003D17F8 /* ViewController.m in Sources */ = {isa = PBXBuildFile; fileRef = BB63D4062A9523D3003D17F8 /* ViewController.m */; };
		BB63D4092A9523D5003D17F8 /* Assets.xcassets in Resources */ = {isa = PBXBuildFile; fileRef = BB63D4082A9523D5003D17F8 /* Assets.xcassets */; };
		BB63D40C2A9523D5003D17F8 /* Main.storyboard in Resources */ = {isa = PBXBuildFile; fileRef = BB63D40A2A9523D5003D17F8 /* Main.storyboard */; };
		BB63D40E2A9523D5003D17F8 /* main.m in Sources */ = {isa = PBXBuildFile; fileRef = BB63D40D2A9523D5003D17F8 /* main.m */; };
		BB63D4182A95240C003D17F8 /* Vehiculo.m in Sources */ = {isa = PBXBuildFile; fileRef = BB63D4172A95240C003D17F8 /* Vehiculo.m */; };
		BB63D41B2A9524F0003D17F8 /* Auto.m in Sources */ = {isa = PBXBuildFile; fileRef = BB63D41A2A9524F0003D17F8 /* Auto.m */; };
/* End PBXBuildFile section */

/* Begin PBXFileReference section */
		BB63D3FF2A9523D3003D17F8 /* ejercicios2.app */ = {isa = PBXFileReference; explicitFileType = wrapper.application; includeInIndex = 0; path = ejercicios2.app; sourceTree = BUILT_PRODUCTS_DIR; };
		BB63D4022A9523D3003D17F8 /* AppDelegate.h */ = {isa = PBXFileReference; lastKnownFileType = sourcecode.c.h; path = AppDelegate.h; sourceTree = "<group>"; };
		BB63D4032A9523D3003D17F8 /* AppDelegate.m */ = {isa = PBXFileReference; lastKnownFileType = sourcecode.c.objc; path = AppDelegate.m; sourceTree = "<group>"; };
		BB63D4052A9523D3003D17F8 /* ViewController.h */ = {isa = PBXFileReference; lastKnownFileType = sourcecode.c.h; path = ViewController.h; sourceTree = "<group>"; };
		BB63D4062A9523D3003D17F8 /* ViewController.m */ = {isa = PBXFileReference; lastKnownFileType = sourcecode.c.objc; path = ViewController.m; sourceTree = "<group>"; };
		BB63D4082A9523D5003D17F8 /* Assets.xcassets */ = {isa = PBXFileReference; lastKnownFileType = folder.assetcatalog; path = Assets.xcassets; sourceTree = "<group>"; };
		BB63D40B2A9523D5003D17F8 /* Base */ = {isa = PBXFileReference; lastKnownFileType = file.storyboard; name = Base; path = Base.lproj/Main.storyboard; sourceTree = "<group>"; };
		BB63D40D2A9523D5003D17F8 /* main.m */ = {isa = PBXFileReference; lastKnownFileType = sourcecode.c.objc; path = main.m; sourceTree = "<group>"; };
		BB63D40F2A9523D5003D17F8 /* ejercicios2.entitlements */ = {isa = PBXFileReference; lastKnownFileType = text.plist.entitlements; path = ejercicios2.entitlements; sourceTree = "<group>"; };
		BB63D4162A95240C003D17F8 /* Vehiculo.h */ = {isa = PBXFileReference; lastKnownFileType = sourcecode.c.h; path = Vehiculo.h; sourceTree = "<group>"; };
		BB63D4172A95240C003D17F8 /* Vehiculo.m */ = {isa = PBXFileReference; lastKnownFileType = sourcecode.c.objc; path = Vehiculo.m; sourceTree = "<group>"; };
		BB63D4192A9524F0003D17F8 /* Auto.h */ = {isa = PBXFileReference; lastKnownFileType = sourcecode.c.h; path = Auto.h; sourceTree = "<group>"; };
		BB63D41A2A9524F0003D17F8 /* Auto.m */ = {isa = PBXFileReference; lastKnownFileType = sourcecode.c.objc; path = Auto.m; sourceTree = "<group>"; };
/* End PBXFileReference section */

/* Begin PBXFrameworksBuildPhase section */
		BB63D3FC2A9523D3003D17F8 /* Frameworks */ = {
			isa = PBXFrameworksBuildPhase;
			buildActionMask = 2147483647;
			files = (
			);
			runOnlyForDeploymentPostprocessing = 0;
		};
/* End PBXFrameworksBuildPhase section */

/* Begin PBXGroup section */
		BB63D3F62A9523D3003D17F8 = {
			isa = PBXGroup;
			children = (
				BB63D4012A9523D3003D17F8 /* ejercicios2 */,
				BB63D4002A9523D3003D17F8 /* Products */,
			);
			sourceTree = "<group>";
		};
		BB63D4002A9523D3003D17F8 /* Products */ = {
			isa = PBXGroup;
			children = (
				BB63D3FF2A9523D3003D17F8 /* ejercicios2.app */,
			);
			name = Products;
			sourceTree = "<group>";
		};
		BB63D4012A9523D3003D17F8 /* ejercicios2 */ = {
			isa = PBXGroup;
			children = (
				BB63D4152A9523EC003D17F8 /* Vehiculo */,
				BB63D4022A9523D3003D17F8 /* AppDelegate.h */,
				BB63D4032A9523D3003D17F8 /* AppDelegate.m */,
				BB63D4052A9523D3003D17F8 /* ViewController.h */,
				BB63D4062A9523D3003D17F8 /* ViewController.m */,
				BB63D4082A9523D5003D17F8 /* Assets.xcassets */,
				BB63D40A2A9523D5003D17F8 /* Main.storyboard */,
				BB63D40D2A9523D5003D17F8 /* main.m */,
				BB63D40F2A9523D5003D17F8 /* ejercicios2.entitlements */,
			);
			path = ejercicios2;
			sourceTree = "<group>";
		};
		BB63D4152A9523EC003D17F8 /* Vehiculo */ = {
			isa = PBXGroup;
			children = (
				BB63D4162A95240C003D17F8 /* Vehiculo.h */,
				BB63D4172A95240C003D17F8 /* Vehiculo.m */,
				BB63D4192A9524F0003D17F8 /* Auto.h */,
				BB63D41A2A9524F0003D17F8 /* Auto.m */,
			);
			name = Vehiculo;
			sourceTree = "<group>";
		};
/* End PBXGroup section */

/* Begin PBXNativeTarget section */
		BB63D3FE2A9523D3003D17F8 /* ejercicios2 */ = {
			isa = PBXNativeTarget;
			buildConfigurationList = BB63D4122A9523D5003D17F8 /* Build configuration list for PBXNativeTarget "ejercicios2" */;
			buildPhases = (
				BB63D3FB2A9523D3003D17F8 /* Sources */,
				BB63D3FC2A9523D3003D17F8 /* Frameworks */,
				BB63D3FD2A9523D3003D17F8 /* Resources */,
			);
			buildRules = (
			);
			dependencies = (
			);
			name = ejercicios2;
			productName = ejercicios2;
			productReference = BB63D3FF2A9523D3003D17F8 /* ejercicios2.app */;
			productType = "com.apple.product-type.application";
		};
/* End PBXNativeTarget section */

/* Begin PBXProject section */
		BB63D3F72A9523D3003D17F8 /* Project object */ = {
			isa = PBXProject;
			attributes = {
				BuildIndependentTargetsInParallel = 1;
				LastUpgradeCheck = 1420;
				TargetAttributes = {
					BB63D3FE2A9523D3003D17F8 = {
						CreatedOnToolsVersion = 14.2;
					};
				};
			};
			buildConfigurationList = BB63D3FA2A9523D3003D17F8 /* Build configuration list for PBXProject "ejercicios2" */;
			compatibilityVersion = "Xcode 14.0";
			developmentRegion = en;
			hasScannedForEncodings = 0;
			knownRegions = (
				en,
				Base,
			);
			mainGroup = BB63D3F62A9523D3003D17F8;
			productRefGroup = BB63D4002A9523D3003D17F8 /* Products */;
			projectDirPath = "";
			projectRoot = "";
			targets = (
				BB63D3FE2A9523D3003D17F8 /* ejercicios2 */,
			);
		};
/* End PBXProject section */

/* Begin PBXResourcesBuildPhase section */
		BB63D3FD2A9523D3003D17F8 /* Resources */ = {
			isa = PBXResourcesBuildPhase;
			buildActionMask = 2147483647;
			files = (
				BB63D4092A9523D5003D17F8 /* Assets.xcassets in Resources */,
				BB63D40C2A9523D5003D17F8 /* Main.storyboard in Resources */,
			);
			runOnlyForDeploymentPostprocessing = 0;
		};
/* End PBXResourcesBuildPhase section */

/* Begin PBXSourcesBuildPhase section */
		BB63D3FB2A9523D3003D17F8 /* Sources */ = {
			isa = PBXSourcesBuildPhase;
			buildActionMask = 2147483647;
			files = (
				BB63D41B2A9524F0003D17F8 /* Auto.m in Sources */,
				BB63D4182A95240C003D17F8 /* Vehiculo.m in Sources */,
				BB63D4072A9523D3003D17F8 /* ViewController.m in Sources */,
				BB63D40E2A9523D5003D17F8 /* main.m in Sources */,
				BB63D4042A9523D3003D17F8 /* AppDelegate.m in Sources */,
			);
			runOnlyForDeploymentPostprocessing = 0;
		};
/* End PBXSourcesBuildPhase section */

/* Begin PBXVariantGroup section */
		BB63D40A2A9523D5003D17F8 /* Main.storyboard */ = {
			isa = PBXVariantGroup;
			children = (
				BB63D40B2A9523D5003D17F8 /* Base */,
			);
			name = Main.storyboard;
			sourceTree = "<group>";
		};
/* End PBXVariantGroup section */

/* Begin XCBuildConfiguration section */
		BB63D4102A9523D5003D17F8 /* Debug */ = {
			isa = XCBuildConfiguration;
			buildSettings = {
				ALWAYS_SEARCH_USER_PATHS = NO;
				CLANG_ANALYZER_NONNULL = YES;
				CLANG_ANALYZER_NUMBER_OBJECT_CONVERSION = YES_AGGRESSIVE;
				CLANG_CXX_LANGUAGE_STANDARD = "gnu++20";
				CLANG_ENABLE_MODULES = YES;
				CLANG_ENABLE_OBJC_ARC = YES;
				CLANG_ENABLE_OBJC_WEAK = YES;
				CLANG_WARN_BLOCK_CAPTURE_AUTORELEASING = YES;
				CLANG_WARN_BOOL_CONVERSION = YES;
				CLANG_WARN_COMMA = YES;
				CLANG_WARN_CONSTANT_CONVERSION = YES;
				CLANG_WARN_DEPRECATED_OBJC_IMPLEMENTATIONS = YES;
				CLANG_WARN_DIRECT_OBJC_ISA_USAGE = YES_ERROR;
				CLANG_WARN_DOCUMENTATION_COMMENTS = YES;
				CLANG_WARN_EMPTY_BODY = YES;
				CLANG_WARN_ENUM_CONVERSION = YES;
				CLANG_WARN_INFINITE_RECURSION = YES;
				CLANG_WARN_INT_CONVERSION = YES;
				CLANG_WARN_NON_LITERAL_NULL_CONVERSION = YES;
				CLANG_WARN_OBJC_IMPLICIT_RETAIN_SELF = YES;
				CLANG_WARN_OBJC_LITERAL_CONVERSION = YES;
				CLANG_WARN_OBJC_ROOT_CLASS = YES_ERROR;
				CLANG_WARN_QUOTED_INCLUDE_IN_FRAMEWORK_HEADER = YES;
				CLANG_WARN_RANGE_LOOP_ANALYSIS = YES;
				CLANG_WARN_STRICT_PROTOTYPES = YES;
				CLANG_WARN_SUSPICIOUS_MOVE = YES;
				CLANG_WARN_UNGUARDED_AVAILABILITY = YES_AGGRESSIVE;
				CLANG_WARN_UNREACHABLE_CODE = YES;
				CLANG_WARN__DUPLICATE_METHOD_MATCH = YES;
				COPY_PHASE_STRIP = NO;
				DEBUG_INFORMATION_FORMAT = dwarf;
				ENABLE_STRICT_OBJC_MSGSEND = YES;
				ENABLE_TESTABILITY = YES;
				GCC_C_LANGUAGE_STANDARD = gnu11;
				GCC_DYNAMIC_NO_PIC = NO;
				GCC_NO_COMMON_BLOCKS = YES;
				GCC_OPTIMIZATION_LEVEL = 0;
				GCC_PREPROCESSOR_DEFINITIONS = (
					"DEBUG=1",
					"$(inherited)",
				);
				GCC_WARN_64_TO_32_BIT_CONVERSION = YES;
				GCC_WARN_ABOUT_RETURN_TYPE = YES_ERROR;
				GCC_WARN_UNDECLARED_SELECTOR = YES;
				GCC_WARN_UNINITIALIZED_AUTOS = YES_AGGRESSIVE;
				GCC_WARN_UNUSED_FUNCTION = YES;
				GCC_WARN_UNUSED_VARIABLE = YES;
				MACOSX_DEPLOYMENT_TARGET = 13.1;
				MTL_ENABLE_DEBUG_INFO = INCLUDE_SOURCE;
				MTL_FAST_MATH = YES;
				ONLY_ACTIVE_ARCH = YES;
				SDKROOT = macosx;
			};
			name = Debug;
		};
		BB63D4112A9523D5003D17F8 /* Release */ = {
			isa = XCBuildConfiguration;
			buildSettings = {
				ALWAYS_SEARCH_USER_PATHS = NO;
				CLANG_ANALYZER_NONNULL = YES;
				CLANG_ANALYZER_NUMBER_OBJECT_CONVERSION = YES_AGGRESSIVE;
				CLANG_CXX_LANGUAGE_STANDARD = "gnu++20";
				CLANG_ENABLE_MODULES = YES;
				CLANG_ENABLE_OBJC_ARC = YES;
				CLANG_ENABLE_OBJC_WEAK = YES;
				CLANG_WARN_BLOCK_CAPTURE_AUTORELEASING = YES;
				CLANG_WARN_BOOL_CONVERSION = YES;
				CLANG_WARN_COMMA = YES;
				CLANG_WARN_CONSTANT_CONVERSION = YES;
				CLANG_WARN_DEPRECATED_OBJC_IMPLEMENTATIONS = YES;
				CLANG_WARN_DIRECT_OBJC_ISA_USAGE = YES_ERROR;
				CLANG_WARN_DOCUMENTATION_COMMENTS = YES;
				CLANG_WARN_EMPTY_BODY = YES;
				CLANG_WARN_ENUM_CONVERSION = YES;
				CLANG_WARN_INFINITE_RECURSION = YES;
				CLANG_WARN_INT_CONVERSION = YES;
				CLANG_WARN_NON_LITERAL_NULL_CONVERSION = YES;
				CLANG_WARN_OBJC_IMPLICIT_RETAIN_SELF = YES;
				CLANG_WARN_OBJC_LITERAL_CONVERSION = YES;
				CLANG_WARN_OBJC_ROOT_CLASS = YES_ERROR;
				CLANG_WARN_QUOTED_INCLUDE_IN_FRAMEWORK_HEADER = YES;
				CLANG_WARN_RANGE_LOOP_ANALYSIS = YES;
				CLANG_WARN_STRICT_PROTOTYPES = YES;
				CLANG_WARN_SUSPICIOUS_MOVE = YES;
				CLANG_WARN_UNGUARDED_AVAILABILITY = YES_AGGRESSIVE;
				CLANG_WARN_UNREACHABLE_CODE = YES;
				CLANG_WARN__DUPLICATE_METHOD_MATCH = YES;
				COPY_PHASE_STRIP = NO;
				DEBUG_INFORMATION_FORMAT = "dwarf-with-dsym";
				ENABLE_NS_ASSERTIONS = NO;
				ENABLE_STRICT_OBJC_MSGSEND = YES;
				GCC_C_LANGUAGE_STANDARD = gnu11;
				GCC_NO_COMMON_BLOCKS = YES;
				GCC_WARN_64_TO_32_BIT_CONVERSION = YES;
				GCC_WARN_ABOUT_RETURN_TYPE = YES_ERROR;
				GCC_WARN_UNDECLARED_SELECTOR = YES;
				GCC_WARN_UNINITIALIZED_AUTOS = YES_AGGRESSIVE;
				GCC_WARN_UNUSED_FUNCTION = YES;
				GCC_WARN_UNUSED_VARIABLE = YES;
				MACOSX_DEPLOYMENT_TARGET = 13.1;
				MTL_ENABLE_DEBUG_INFO = NO;
				MTL_FAST_MATH = YES;
				SDKROOT = macosx;
			};
			name = Release;
		};
		BB63D4132A9523D5003D17F8 /* Debug */ = {
			isa = XCBuildConfiguration;
			buildSettings = {
				ASSETCATALOG_COMPILER_APPICON_NAME = AppIcon;
				ASSETCATALOG_COMPILER_GLOBAL_ACCENT_COLOR_NAME = AccentColor;
				CODE_SIGN_ENTITLEMENTS = ejercicios2/ejercicios2.entitlements;
				CODE_SIGN_STYLE = Automatic;
				COMBINE_HIDPI_IMAGES = YES;
				CURRENT_PROJECT_VERSION = 1;
				GENERATE_INFOPLIST_FILE = YES;
				INFOPLIST_KEY_NSHumanReadableCopyright = "";
				INFOPLIST_KEY_NSMainStoryboardFile = Main;
				INFOPLIST_KEY_NSPrincipalClass = NSApplication;
				LD_RUNPATH_SEARCH_PATHS = (
					"$(inherited)",
					"@executable_path/../Frameworks",
				);
				MARKETING_VERSION = 1.0;
				PRODUCT_BUNDLE_IDENTIFIER = com.lasalle.ejercicios2;
				PRODUCT_NAME = "$(TARGET_NAME)";
				SWIFT_EMIT_LOC_STRINGS = YES;
			};
			name = Debug;
		};
		BB63D4142A9523D5003D17F8 /* Release */ = {
			isa = XCBuildConfiguration;
			buildSettings = {
				ASSETCATALOG_COMPILER_APPICON_NAME = AppIcon;
				ASSETCATALOG_COMPILER_GLOBAL_ACCENT_COLOR_NAME = AccentColor;
				CODE_SIGN_ENTITLEMENTS = ejercicios2/ejercicios2.entitlements;
				CODE_SIGN_STYLE = Automatic;
				COMBINE_HIDPI_IMAGES = YES;
				CURRENT_PROJECT_VERSION = 1;
				GENERATE_INFOPLIST_FILE = YES;
				INFOPLIST_KEY_NSHumanReadableCopyright = "";
				INFOPLIST_KEY_NSMainStoryboardFile = Main;
				INFOPLIST_KEY_NSPrincipalClass = NSApplication;
				LD_RUNPATH_SEARCH_PATHS = (
					"$(inherited)",
					"@executable_path/../Frameworks",
				);
				MARKETING_VERSION = 1.0;
				PRODUCT_BUNDLE_IDENTIFIER = com.lasalle.ejercicios2;
				PRODUCT_NAME = "$(TARGET_NAME)";
				SWIFT_EMIT_LOC_STRINGS = YES;
			};
			name = Release;
		};
/* End XCBuildConfiguration section */

/* Begin XCConfigurationList section */
		BB63D3FA2A9523D3003D17F8 /* Build configuration list for PBXProject "ejercicios2" */ = {
			isa = XCConfigurationList;
			buildConfigurations = (
				BB63D4102A9523D5003D17F8 /* Debug */,
				BB63D4112A9523D5003D17F8 /* Release */,
			);
			defaultConfigurationIsVisible = 0;
			defaultConfigurationName = Release;
		};
		BB63D4122A9523D5003D17F8 /* Build configuration list for PBXNativeTarget "ejercicios2" */ = {
			isa = XCConfigurationList;
			buildConfigurations = (
				BB63D4132A9523D5003D17F8 /* Debug */,
				BB63D4142A9523D5003D17F8 /* Release */,
			);
			defaultConfigurationIsVisible = 0;
			defaultConfigurationName = Release;
		};
/* End XCConfigurationList section */
	};
	rootObject = BB63D3F72A9523D3003D17F8 /* Project object */;
}
