// !$*UTF8*$!
{
	archiveVersion = 1;
	classes = {
	};
	objectVersion = 56;
	objects = {

/* Begin PBXBuildFile section */
		BBDE30DB2B03E25E002EB1C0 /* LC_NAVEGACIONApp.swift in Sources */ = {isa = PBXBuildFile; fileRef = BBDE30DA2B03E25E002EB1C0 /* LC_NAVEGACIONApp.swift */; };
		BBDE30DD2B03E25E002EB1C0 /* ContentView.swift in Sources */ = {isa = PBXBuildFile; fileRef = BBDE30DC2B03E25E002EB1C0 /* ContentView.swift */; };
		BBDE30DF2B03E25F002EB1C0 /* Assets.xcassets in Resources */ = {isa = PBXBuildFile; fileRef = BBDE30DE2B03E25F002EB1C0 /* Assets.xcassets */; };
		BBDE30E22B03E25F002EB1C0 /* Preview Assets.xcassets in Resources */ = {isa = PBXBuildFile; fileRef = BBDE30E12B03E25F002EB1C0 /* Preview Assets.xcassets */; };
		BBDE30EA2B03E2B2002EB1C0 /* DemoView.swift in Sources */ = {isa = PBXBuildFile; fileRef = BBDE30E92B03E2B2002EB1C0 /* DemoView.swift */; };
		BBDE30EC2B03E39D002EB1C0 /* NavigationView.swift in Sources */ = {isa = PBXBuildFile; fileRef = BBDE30EB2B03E39D002EB1C0 /* NavigationView.swift */; };
		BBDE30EE2B03E9CD002EB1C0 /* WindowUtil.swift in Sources */ = {isa = PBXBuildFile; fileRef = BBDE30ED2B03E9CD002EB1C0 /* WindowUtil.swift */; };
/* End PBXBuildFile section */

/* Begin PBXFileReference section */
		BBDE30D72B03E25E002EB1C0 /* LC-NAVEGACION.app */ = {isa = PBXFileReference; explicitFileType = wrapper.application; includeInIndex = 0; path = "LC-NAVEGACION.app"; sourceTree = BUILT_PRODUCTS_DIR; };
		BBDE30DA2B03E25E002EB1C0 /* LC_NAVEGACIONApp.swift */ = {isa = PBXFileReference; lastKnownFileType = sourcecode.swift; path = LC_NAVEGACIONApp.swift; sourceTree = "<group>"; };
		BBDE30DC2B03E25E002EB1C0 /* ContentView.swift */ = {isa = PBXFileReference; lastKnownFileType = sourcecode.swift; path = ContentView.swift; sourceTree = "<group>"; };
		BBDE30DE2B03E25F002EB1C0 /* Assets.xcassets */ = {isa = PBXFileReference; lastKnownFileType = folder.assetcatalog; path = Assets.xcassets; sourceTree = "<group>"; };
		BBDE30E12B03E25F002EB1C0 /* Preview Assets.xcassets */ = {isa = PBXFileReference; lastKnownFileType = folder.assetcatalog; path = "Preview Assets.xcassets"; sourceTree = "<group>"; };
		BBDE30E32B03E25F002EB1C0 /* LC_NAVEGACION.entitlements */ = {isa = PBXFileReference; lastKnownFileType = text.plist.entitlements; path = LC_NAVEGACION.entitlements; sourceTree = "<group>"; };
		BBDE30E92B03E2B2002EB1C0 /* DemoView.swift */ = {isa = PBXFileReference; lastKnownFileType = sourcecode.swift; path = DemoView.swift; sourceTree = "<group>"; };
		BBDE30EB2B03E39D002EB1C0 /* NavigationView.swift */ = {isa = PBXFileReference; lastKnownFileType = sourcecode.swift; path = NavigationView.swift; sourceTree = "<group>"; };
		BBDE30ED2B03E9CD002EB1C0 /* WindowUtil.swift */ = {isa = PBXFileReference; lastKnownFileType = sourcecode.swift; path = WindowUtil.swift; sourceTree = "<group>"; };
/* End PBXFileReference section */

/* Begin PBXFrameworksBuildPhase section */
		BBDE30D42B03E25E002EB1C0 /* Frameworks */ = {
			isa = PBXFrameworksBuildPhase;
			buildActionMask = 2147483647;
			files = (
			);
			runOnlyForDeploymentPostprocessing = 0;
		};
/* End PBXFrameworksBuildPhase section */

/* Begin PBXGroup section */
		BBDE30CE2B03E25E002EB1C0 = {
			isa = PBXGroup;
			children = (
				BBDE30D92B03E25E002EB1C0 /* LC-NAVEGACION */,
				BBDE30D82B03E25E002EB1C0 /* Products */,
			);
			sourceTree = "<group>";
		};
		BBDE30D82B03E25E002EB1C0 /* Products */ = {
			isa = PBXGroup;
			children = (
				BBDE30D72B03E25E002EB1C0 /* LC-NAVEGACION.app */,
			);
			name = Products;
			sourceTree = "<group>";
		};
		BBDE30D92B03E25E002EB1C0 /* LC-NAVEGACION */ = {
			isa = PBXGroup;
			children = (
				BBDE30DA2B03E25E002EB1C0 /* LC_NAVEGACIONApp.swift */,
				BBDE30DC2B03E25E002EB1C0 /* ContentView.swift */,
				BBDE30DE2B03E25F002EB1C0 /* Assets.xcassets */,
				BBDE30E32B03E25F002EB1C0 /* LC_NAVEGACION.entitlements */,
				BBDE30E02B03E25F002EB1C0 /* Preview Content */,
				BBDE30EB2B03E39D002EB1C0 /* NavigationView.swift */,
				BBDE30E92B03E2B2002EB1C0 /* DemoView.swift */,
				BBDE30ED2B03E9CD002EB1C0 /* WindowUtil.swift */,
			);
			path = "LC-NAVEGACION";
			sourceTree = "<group>";
		};
		BBDE30E02B03E25F002EB1C0 /* Preview Content */ = {
			isa = PBXGroup;
			children = (
				BBDE30E12B03E25F002EB1C0 /* Preview Assets.xcassets */,
			);
			path = "Preview Content";
			sourceTree = "<group>";
		};
/* End PBXGroup section */

/* Begin PBXNativeTarget section */
		BBDE30D62B03E25E002EB1C0 /* LC-NAVEGACION */ = {
			isa = PBXNativeTarget;
			buildConfigurationList = BBDE30E62B03E25F002EB1C0 /* Build configuration list for PBXNativeTarget "LC-NAVEGACION" */;
			buildPhases = (
				BBDE30D32B03E25E002EB1C0 /* Sources */,
				BBDE30D42B03E25E002EB1C0 /* Frameworks */,
				BBDE30D52B03E25E002EB1C0 /* Resources */,
			);
			buildRules = (
			);
			dependencies = (
			);
			name = "LC-NAVEGACION";
			productName = "LC-NAVEGACION";
			productReference = BBDE30D72B03E25E002EB1C0 /* LC-NAVEGACION.app */;
			productType = "com.apple.product-type.application";
		};
/* End PBXNativeTarget section */

/* Begin PBXProject section */
		BBDE30CF2B03E25E002EB1C0 /* Project object */ = {
			isa = PBXProject;
			attributes = {
				BuildIndependentTargetsInParallel = 1;
				LastSwiftUpdateCheck = 1420;
				LastUpgradeCheck = 1420;
				TargetAttributes = {
					BBDE30D62B03E25E002EB1C0 = {
						CreatedOnToolsVersion = 14.2;
					};
				};
			};
			buildConfigurationList = BBDE30D22B03E25E002EB1C0 /* Build configuration list for PBXProject "LC-NAVEGACION" */;
			compatibilityVersion = "Xcode 14.0";
			developmentRegion = en;
			hasScannedForEncodings = 0;
			knownRegions = (
				en,
				Base,
			);
			mainGroup = BBDE30CE2B03E25E002EB1C0;
			productRefGroup = BBDE30D82B03E25E002EB1C0 /* Products */;
			projectDirPath = "";
			projectRoot = "";
			targets = (
				BBDE30D62B03E25E002EB1C0 /* LC-NAVEGACION */,
			);
		};
/* End PBXProject section */

/* Begin PBXResourcesBuildPhase section */
		BBDE30D52B03E25E002EB1C0 /* Resources */ = {
			isa = PBXResourcesBuildPhase;
			buildActionMask = 2147483647;
			files = (
				BBDE30E22B03E25F002EB1C0 /* Preview Assets.xcassets in Resources */,
				BBDE30DF2B03E25F002EB1C0 /* Assets.xcassets in Resources */,
			);
			runOnlyForDeploymentPostprocessing = 0;
		};
/* End PBXResourcesBuildPhase section */

/* Begin PBXSourcesBuildPhase section */
		BBDE30D32B03E25E002EB1C0 /* Sources */ = {
			isa = PBXSourcesBuildPhase;
			buildActionMask = 2147483647;
			files = (
				BBDE30EA2B03E2B2002EB1C0 /* DemoView.swift in Sources */,
				BBDE30DD2B03E25E002EB1C0 /* ContentView.swift in Sources */,
				BBDE30EE2B03E9CD002EB1C0 /* WindowUtil.swift in Sources */,
				BBDE30EC2B03E39D002EB1C0 /* NavigationView.swift in Sources */,
				BBDE30DB2B03E25E002EB1C0 /* LC_NAVEGACIONApp.swift in Sources */,
			);
			runOnlyForDeploymentPostprocessing = 0;
		};
/* End PBXSourcesBuildPhase section */

/* Begin XCBuildConfiguration section */
		BBDE30E42B03E25F002EB1C0 /* Debug */ = {
			isa = XCBuildConfiguration;
			buildSettings = {
				ALWAYS_SEARCH_USER_PATHS = NO;
				CLANG_ANALYZER_NONNULL = YES;
				CLANG_ANALYZER_NUMBER_OBJECT_CONVERSION = YES_AGGRESSIVE;
				CLANG_CXX_LANGUAGE_STANDARD = "gnu++20";
				CLANG_ENABLE_MODULES = YES;
				CLANG_ENABLE_OBJC_ARC = YES;
				CLANG_ENABLE_OBJC_WEAK = YES;
				CLANG_WARN_BLOCK_CAPTURE_AUTORELEASING = YES;
				CLANG_WARN_BOOL_CONVERSION = YES;
				CLANG_WARN_COMMA = YES;
				CLANG_WARN_CONSTANT_CONVERSION = YES;
				CLANG_WARN_DEPRECATED_OBJC_IMPLEMENTATIONS = YES;
				CLANG_WARN_DIRECT_OBJC_ISA_USAGE = YES_ERROR;
				CLANG_WARN_DOCUMENTATION_COMMENTS = YES;
				CLANG_WARN_EMPTY_BODY = YES;
				CLANG_WARN_ENUM_CONVERSION = YES;
				CLANG_WARN_INFINITE_RECURSION = YES;
				CLANG_WARN_INT_CONVERSION = YES;
				CLANG_WARN_NON_LITERAL_NULL_CONVERSION = YES;
				CLANG_WARN_OBJC_IMPLICIT_RETAIN_SELF = YES;
				CLANG_WARN_OBJC_LITERAL_CONVERSION = YES;
				CLANG_WARN_OBJC_ROOT_CLASS = YES_ERROR;
				CLANG_WARN_QUOTED_INCLUDE_IN_FRAMEWORK_HEADER = YES;
				CLANG_WARN_RANGE_LOOP_ANALYSIS = YES;
				CLANG_WARN_STRICT_PROTOTYPES = YES;
				CLANG_WARN_SUSPICIOUS_MOVE = YES;
				CLANG_WARN_UNGUARDED_AVAILABILITY = YES_AGGRESSIVE;
				CLANG_WARN_UNREACHABLE_CODE = YES;
				CLANG_WARN__DUPLICATE_METHOD_MATCH = YES;
				COPY_PHASE_STRIP = NO;
				DEBUG_INFORMATION_FORMAT = dwarf;
				ENABLE_STRICT_OBJC_MSGSEND = YES;
				ENABLE_TESTABILITY = YES;
				GCC_C_LANGUAGE_STANDARD = gnu11;
				GCC_DYNAMIC_NO_PIC = NO;
				GCC_NO_COMMON_BLOCKS = YES;
				GCC_OPTIMIZATION_LEVEL = 0;
				GCC_PREPROCESSOR_DEFINITIONS = (
					"DEBUG=1",
					"$(inherited)",
				);
				GCC_WARN_64_TO_32_BIT_CONVERSION = YES;
				GCC_WARN_ABOUT_RETURN_TYPE = YES_ERROR;
				GCC_WARN_UNDECLARED_SELECTOR = YES;
				GCC_WARN_UNINITIALIZED_AUTOS = YES_AGGRESSIVE;
				GCC_WARN_UNUSED_FUNCTION = YES;
				GCC_WARN_UNUSED_VARIABLE = YES;
				MACOSX_DEPLOYMENT_TARGET = 13.1;
				MTL_ENABLE_DEBUG_INFO = INCLUDE_SOURCE;
				MTL_FAST_MATH = YES;
				ONLY_ACTIVE_ARCH = YES;
				SDKROOT = macosx;
				SWIFT_ACTIVE_COMPILATION_CONDITIONS = DEBUG;
				SWIFT_OPTIMIZATION_LEVEL = "-Onone";
			};
			name = Debug;
		};
		BBDE30E52B03E25F002EB1C0 /* Release */ = {
			isa = XCBuildConfiguration;
			buildSettings = {
				ALWAYS_SEARCH_USER_PATHS = NO;
				CLANG_ANALYZER_NONNULL = YES;
				CLANG_ANALYZER_NUMBER_OBJECT_CONVERSION = YES_AGGRESSIVE;
				CLANG_CXX_LANGUAGE_STANDARD = "gnu++20";
				CLANG_ENABLE_MODULES = YES;
				CLANG_ENABLE_OBJC_ARC = YES;
				CLANG_ENABLE_OBJC_WEAK = YES;
				CLANG_WARN_BLOCK_CAPTURE_AUTORELEASING = YES;
				CLANG_WARN_BOOL_CONVERSION = YES;
				CLANG_WARN_COMMA = YES;
				CLANG_WARN_CONSTANT_CONVERSION = YES;
				CLANG_WARN_DEPRECATED_OBJC_IMPLEMENTATIONS = YES;
				CLANG_WARN_DIRECT_OBJC_ISA_USAGE = YES_ERROR;
				CLANG_WARN_DOCUMENTATION_COMMENTS = YES;
				CLANG_WARN_EMPTY_BODY = YES;
				CLANG_WARN_ENUM_CONVERSION = YES;
				CLANG_WARN_INFINITE_RECURSION = YES;
				CLANG_WARN_INT_CONVERSION = YES;
				CLANG_WARN_NON_LITERAL_NULL_CONVERSION = YES;
				CLANG_WARN_OBJC_IMPLICIT_RETAIN_SELF = YES;
				CLANG_WARN_OBJC_LITERAL_CONVERSION = YES;
				CLANG_WARN_OBJC_ROOT_CLASS = YES_ERROR;
				CLANG_WARN_QUOTED_INCLUDE_IN_FRAMEWORK_HEADER = YES;
				CLANG_WARN_RANGE_LOOP_ANALYSIS = YES;
				CLANG_WARN_STRICT_PROTOTYPES = YES;
				CLANG_WARN_SUSPICIOUS_MOVE = YES;
				CLANG_WARN_UNGUARDED_AVAILABILITY = YES_AGGRESSIVE;
				CLANG_WARN_UNREACHABLE_CODE = YES;
				CLANG_WARN__DUPLICATE_METHOD_MATCH = YES;
				COPY_PHASE_STRIP = NO;
				DEBUG_INFORMATION_FORMAT = "dwarf-with-dsym";
				ENABLE_NS_ASSERTIONS = NO;
				ENABLE_STRICT_OBJC_MSGSEND = YES;
				GCC_C_LANGUAGE_STANDARD = gnu11;
				GCC_NO_COMMON_BLOCKS = YES;
				GCC_WARN_64_TO_32_BIT_CONVERSION = YES;
				GCC_WARN_ABOUT_RETURN_TYPE = YES_ERROR;
				GCC_WARN_UNDECLARED_SELECTOR = YES;
				GCC_WARN_UNINITIALIZED_AUTOS = YES_AGGRESSIVE;
				GCC_WARN_UNUSED_FUNCTION = YES;
				GCC_WARN_UNUSED_VARIABLE = YES;
				MACOSX_DEPLOYMENT_TARGET = 13.1;
				MTL_ENABLE_DEBUG_INFO = NO;
				MTL_FAST_MATH = YES;
				SDKROOT = macosx;
				SWIFT_COMPILATION_MODE = wholemodule;
				SWIFT_OPTIMIZATION_LEVEL = "-O";
			};
			name = Release;
		};
		BBDE30E72B03E25F002EB1C0 /* Debug */ = {
			isa = XCBuildConfiguration;
			buildSettings = {
				ASSETCATALOG_COMPILER_APPICON_NAME = AppIcon;
				ASSETCATALOG_COMPILER_GLOBAL_ACCENT_COLOR_NAME = AccentColor;
				CODE_SIGN_ENTITLEMENTS = "LC-NAVEGACION/LC_NAVEGACION.entitlements";
				CODE_SIGN_STYLE = Automatic;
				COMBINE_HIDPI_IMAGES = YES;
				CURRENT_PROJECT_VERSION = 1;
				DEVELOPMENT_ASSET_PATHS = "\"LC-NAVEGACION/Preview Content\"";
				ENABLE_PREVIEWS = YES;
				GENERATE_INFOPLIST_FILE = YES;
				INFOPLIST_KEY_NSHumanReadableCopyright = "";
				LD_RUNPATH_SEARCH_PATHS = (
					"$(inherited)",
					"@executable_path/../Frameworks",
				);
				MARKETING_VERSION = 1.0;
				PRODUCT_BUNDLE_IDENTIFIER = "com.lasalle.LC-NAVEGACION";
				PRODUCT_NAME = "$(TARGET_NAME)";
				SWIFT_EMIT_LOC_STRINGS = YES;
				SWIFT_VERSION = 5.0;
			};
			name = Debug;
		};
		BBDE30E82B03E25F002EB1C0 /* Release */ = {
			isa = XCBuildConfiguration;
			buildSettings = {
				ASSETCATALOG_COMPILER_APPICON_NAME = AppIcon;
				ASSETCATALOG_COMPILER_GLOBAL_ACCENT_COLOR_NAME = AccentColor;
				CODE_SIGN_ENTITLEMENTS = "LC-NAVEGACION/LC_NAVEGACION.entitlements";
				CODE_SIGN_STYLE = Automatic;
				COMBINE_HIDPI_IMAGES = YES;
				CURRENT_PROJECT_VERSION = 1;
				DEVELOPMENT_ASSET_PATHS = "\"LC-NAVEGACION/Preview Content\"";
				ENABLE_PREVIEWS = YES;
				GENERATE_INFOPLIST_FILE = YES;
				INFOPLIST_KEY_NSHumanReadableCopyright = "";
				LD_RUNPATH_SEARCH_PATHS = (
					"$(inherited)",
					"@executable_path/../Frameworks",
				);
				MARKETING_VERSION = 1.0;
				PRODUCT_BUNDLE_IDENTIFIER = "com.lasalle.LC-NAVEGACION";
				PRODUCT_NAME = "$(TARGET_NAME)";
				SWIFT_EMIT_LOC_STRINGS = YES;
				SWIFT_VERSION = 5.0;
			};
			name = Release;
		};
/* End XCBuildConfiguration section */

/* Begin XCConfigurationList section */
		BBDE30D22B03E25E002EB1C0 /* Build configuration list for PBXProject "LC-NAVEGACION" */ = {
			isa = XCConfigurationList;
			buildConfigurations = (
				BBDE30E42B03E25F002EB1C0 /* Debug */,
				BBDE30E52B03E25F002EB1C0 /* Release */,
			);
			defaultConfigurationIsVisible = 0;
			defaultConfigurationName = Release;
		};
		BBDE30E62B03E25F002EB1C0 /* Build configuration list for PBXNativeTarget "LC-NAVEGACION" */ = {
			isa = XCConfigurationList;
			buildConfigurations = (
				BBDE30E72B03E25F002EB1C0 /* Debug */,
				BBDE30E82B03E25F002EB1C0 /* Release */,
			);
			defaultConfigurationIsVisible = 0;
			defaultConfigurationName = Release;
		};
/* End XCConfigurationList section */
	};
	rootObject = BBDE30CF2B03E25E002EB1C0 /* Project object */;
}
