// !$*UTF8*$!
{
	archiveVersion = 1;
	classes = {
	};
	objectVersion = 56;
	objects = {

/* Begin PBXBuildFile section */
		7FE650E02B0D1D4D00D781E9 /* CoreDataProductosApp.swift in Sources */ = {isa = PBXBuildFile; fileRef = 7FE650DF2B0D1D4D00D781E9 /* CoreDataProductosApp.swift */; };
		7FE650E22B0D1D4D00D781E9 /* ContentView.swift in Sources */ = {isa = PBXBuildFile; fileRef = 7FE650E12B0D1D4D00D781E9 /* ContentView.swift */; };
		7FE650E42B0D1D4E00D781E9 /* Assets.xcassets in Resources */ = {isa = PBXBuildFile; fileRef = 7FE650E32B0D1D4E00D781E9 /* Assets.xcassets */; };
		7FE650E72B0D1D4E00D781E9 /* Preview Assets.xcassets in Resources */ = {isa = PBXBuildFile; fileRef = 7FE650E62B0D1D4E00D781E9 /* Preview Assets.xcassets */; };
		7FE650E92B0D1D4E00D781E9 /* Persistence.swift in Sources */ = {isa = PBXBuildFile; fileRef = 7FE650E82B0D1D4E00D781E9 /* Persistence.swift */; };
		7FE650EC2B0D1D4E00D781E9 /* CoreDataProductos.xcdatamodeld in Sources */ = {isa = PBXBuildFile; fileRef = 7FE650EA2B0D1D4E00D781E9 /* CoreDataProductos.xcdatamodeld */; };
		7FE650F82B0D25CB00D781E9 /* FormView.swift in Sources */ = {isa = PBXBuildFile; fileRef = 7FE650F72B0D25CB00D781E9 /* FormView.swift */; };
/* End PBXBuildFile section */

/* Begin PBXFileReference section */
		7FE650DC2B0D1D4D00D781E9 /* CoreDataProductos.app */ = {isa = PBXFileReference; explicitFileType = wrapper.application; includeInIndex = 0; path = CoreDataProductos.app; sourceTree = BUILT_PRODUCTS_DIR; };
		7FE650DF2B0D1D4D00D781E9 /* CoreDataProductosApp.swift */ = {isa = PBXFileReference; lastKnownFileType = sourcecode.swift; path = CoreDataProductosApp.swift; sourceTree = "<group>"; };
		7FE650E12B0D1D4D00D781E9 /* ContentView.swift */ = {isa = PBXFileReference; lastKnownFileType = sourcecode.swift; path = ContentView.swift; sourceTree = "<group>"; };
		7FE650E32B0D1D4E00D781E9 /* Assets.xcassets */ = {isa = PBXFileReference; lastKnownFileType = folder.assetcatalog; path = Assets.xcassets; sourceTree = "<group>"; };
		7FE650E62B0D1D4E00D781E9 /* Preview Assets.xcassets */ = {isa = PBXFileReference; lastKnownFileType = folder.assetcatalog; path = "Preview Assets.xcassets"; sourceTree = "<group>"; };
		7FE650E82B0D1D4E00D781E9 /* Persistence.swift */ = {isa = PBXFileReference; lastKnownFileType = sourcecode.swift; path = Persistence.swift; sourceTree = "<group>"; };
		7FE650EB2B0D1D4E00D781E9 /* CoreDataProductos.xcdatamodel */ = {isa = PBXFileReference; lastKnownFileType = wrapper.xcdatamodel; path = CoreDataProductos.xcdatamodel; sourceTree = "<group>"; };
		7FE650ED2B0D1D4E00D781E9 /* CoreDataProductos.entitlements */ = {isa = PBXFileReference; lastKnownFileType = text.plist.entitlements; path = CoreDataProductos.entitlements; sourceTree = "<group>"; };
		7FE650F72B0D25CB00D781E9 /* FormView.swift */ = {isa = PBXFileReference; lastKnownFileType = sourcecode.swift; path = FormView.swift; sourceTree = "<group>"; };
/* End PBXFileReference section */

/* Begin PBXFrameworksBuildPhase section */
		7FE650D92B0D1D4D00D781E9 /* Frameworks */ = {
			isa = PBXFrameworksBuildPhase;
			buildActionMask = 2147483647;
			files = (
			);
			runOnlyForDeploymentPostprocessing = 0;
		};
/* End PBXFrameworksBuildPhase section */

/* Begin PBXGroup section */
		7FE650D32B0D1D4D00D781E9 = {
			isa = PBXGroup;
			children = (
				7FE650DE2B0D1D4D00D781E9 /* CoreDataProductos */,
				7FE650DD2B0D1D4D00D781E9 /* Products */,
			);
			sourceTree = "<group>";
		};
		7FE650DD2B0D1D4D00D781E9 /* Products */ = {
			isa = PBXGroup;
			children = (
				7FE650DC2B0D1D4D00D781E9 /* CoreDataProductos.app */,
			);
			name = Products;
			sourceTree = "<group>";
		};
		7FE650DE2B0D1D4D00D781E9 /* CoreDataProductos */ = {
			isa = PBXGroup;
			children = (
				7FE650DF2B0D1D4D00D781E9 /* CoreDataProductosApp.swift */,
				7FE650E12B0D1D4D00D781E9 /* ContentView.swift */,
				7FE650E32B0D1D4E00D781E9 /* Assets.xcassets */,
				7FE650E82B0D1D4E00D781E9 /* Persistence.swift */,
				7FE650ED2B0D1D4E00D781E9 /* CoreDataProductos.entitlements */,
				7FE650EA2B0D1D4E00D781E9 /* CoreDataProductos.xcdatamodeld */,
				7FE650E52B0D1D4E00D781E9 /* Preview Content */,
				7FE650F72B0D25CB00D781E9 /* FormView.swift */,
			);
			path = CoreDataProductos;
			sourceTree = "<group>";
		};
		7FE650E52B0D1D4E00D781E9 /* Preview Content */ = {
			isa = PBXGroup;
			children = (
				7FE650E62B0D1D4E00D781E9 /* Preview Assets.xcassets */,
			);
			path = "Preview Content";
			sourceTree = "<group>";
		};
/* End PBXGroup section */

/* Begin PBXNativeTarget section */
		7FE650DB2B0D1D4D00D781E9 /* CoreDataProductos */ = {
			isa = PBXNativeTarget;
			buildConfigurationList = 7FE650F02B0D1D4E00D781E9 /* Build configuration list for PBXNativeTarget "CoreDataProductos" */;
			buildPhases = (
				7FE650D82B0D1D4D00D781E9 /* Sources */,
				7FE650D92B0D1D4D00D781E9 /* Frameworks */,
				7FE650DA2B0D1D4D00D781E9 /* Resources */,
			);
			buildRules = (
			);
			dependencies = (
			);
			name = CoreDataProductos;
			productName = CoreDataProductos;
			productReference = 7FE650DC2B0D1D4D00D781E9 /* CoreDataProductos.app */;
			productType = "com.apple.product-type.application";
		};
/* End PBXNativeTarget section */

/* Begin PBXProject section */
		7FE650D42B0D1D4D00D781E9 /* Project object */ = {
			isa = PBXProject;
			attributes = {
				BuildIndependentTargetsInParallel = 1;
				LastSwiftUpdateCheck = 1500;
				LastUpgradeCheck = 1500;
				TargetAttributes = {
					7FE650DB2B0D1D4D00D781E9 = {
						CreatedOnToolsVersion = 15.0.1;
					};
				};
			};
			buildConfigurationList = 7FE650D72B0D1D4D00D781E9 /* Build configuration list for PBXProject "CoreDataProductos" */;
			compatibilityVersion = "Xcode 14.0";
			developmentRegion = en;
			hasScannedForEncodings = 0;
			knownRegions = (
				en,
				Base,
			);
			mainGroup = 7FE650D32B0D1D4D00D781E9;
			productRefGroup = 7FE650DD2B0D1D4D00D781E9 /* Products */;
			projectDirPath = "";
			projectRoot = "";
			targets = (
				7FE650DB2B0D1D4D00D781E9 /* CoreDataProductos */,
			);
		};
/* End PBXProject section */

/* Begin PBXResourcesBuildPhase section */
		7FE650DA2B0D1D4D00D781E9 /* Resources */ = {
			isa = PBXResourcesBuildPhase;
			buildActionMask = 2147483647;
			files = (
				7FE650E72B0D1D4E00D781E9 /* Preview Assets.xcassets in Resources */,
				7FE650E42B0D1D4E00D781E9 /* Assets.xcassets in Resources */,
			);
			runOnlyForDeploymentPostprocessing = 0;
		};
/* End PBXResourcesBuildPhase section */

/* Begin PBXSourcesBuildPhase section */
		7FE650D82B0D1D4D00D781E9 /* Sources */ = {
			isa = PBXSourcesBuildPhase;
			buildActionMask = 2147483647;
			files = (
				7FE650EC2B0D1D4E00D781E9 /* CoreDataProductos.xcdatamodeld in Sources */,
				7FE650E92B0D1D4E00D781E9 /* Persistence.swift in Sources */,
				7FE650F82B0D25CB00D781E9 /* FormView.swift in Sources */,
				7FE650E22B0D1D4D00D781E9 /* ContentView.swift in Sources */,
				7FE650E02B0D1D4D00D781E9 /* CoreDataProductosApp.swift in Sources */,
			);
			runOnlyForDeploymentPostprocessing = 0;
		};
/* End PBXSourcesBuildPhase section */

/* Begin XCBuildConfiguration section */
		7FE650EE2B0D1D4E00D781E9 /* Debug */ = {
			isa = XCBuildConfiguration;
			buildSettings = {
				ALWAYS_SEARCH_USER_PATHS = NO;
				ASSETCATALOG_COMPILER_GENERATE_SWIFT_ASSET_SYMBOL_EXTENSIONS = YES;
				CLANG_ANALYZER_NONNULL = YES;
				CLANG_ANALYZER_NUMBER_OBJECT_CONVERSION = YES_AGGRESSIVE;
				CLANG_CXX_LANGUAGE_STANDARD = "gnu++20";
				CLANG_ENABLE_MODULES = YES;
				CLANG_ENABLE_OBJC_ARC = YES;
				CLANG_ENABLE_OBJC_WEAK = YES;
				CLANG_WARN_BLOCK_CAPTURE_AUTORELEASING = YES;
				CLANG_WARN_BOOL_CONVERSION = YES;
				CLANG_WARN_COMMA = YES;
				CLANG_WARN_CONSTANT_CONVERSION = YES;
				CLANG_WARN_DEPRECATED_OBJC_IMPLEMENTATIONS = YES;
				CLANG_WARN_DIRECT_OBJC_ISA_USAGE = YES_ERROR;
				CLANG_WARN_DOCUMENTATION_COMMENTS = YES;
				CLANG_WARN_EMPTY_BODY = YES;
				CLANG_WARN_ENUM_CONVERSION = YES;
				CLANG_WARN_INFINITE_RECURSION = YES;
				CLANG_WARN_INT_CONVERSION = YES;
				CLANG_WARN_NON_LITERAL_NULL_CONVERSION = YES;
				CLANG_WARN_OBJC_IMPLICIT_RETAIN_SELF = YES;
				CLANG_WARN_OBJC_LITERAL_CONVERSION = YES;
				CLANG_WARN_OBJC_ROOT_CLASS = YES_ERROR;
				CLANG_WARN_QUOTED_INCLUDE_IN_FRAMEWORK_HEADER = YES;
				CLANG_WARN_RANGE_LOOP_ANALYSIS = YES;
				CLANG_WARN_STRICT_PROTOTYPES = YES;
				CLANG_WARN_SUSPICIOUS_MOVE = YES;
				CLANG_WARN_UNGUARDED_AVAILABILITY = YES_AGGRESSIVE;
				CLANG_WARN_UNREACHABLE_CODE = YES;
				CLANG_WARN__DUPLICATE_METHOD_MATCH = YES;
				COPY_PHASE_STRIP = NO;
				DEBUG_INFORMATION_FORMAT = dwarf;
				ENABLE_STRICT_OBJC_MSGSEND = YES;
				ENABLE_TESTABILITY = YES;
				ENABLE_USER_SCRIPT_SANDBOXING = YES;
				GCC_C_LANGUAGE_STANDARD = gnu17;
				GCC_DYNAMIC_NO_PIC = NO;
				GCC_NO_COMMON_BLOCKS = YES;
				GCC_OPTIMIZATION_LEVEL = 0;
				GCC_PREPROCESSOR_DEFINITIONS = (
					"DEBUG=1",
					"$(inherited)",
				);
				GCC_WARN_64_TO_32_BIT_CONVERSION = YES;
				GCC_WARN_ABOUT_RETURN_TYPE = YES_ERROR;
				GCC_WARN_UNDECLARED_SELECTOR = YES;
				GCC_WARN_UNINITIALIZED_AUTOS = YES_AGGRESSIVE;
				GCC_WARN_UNUSED_FUNCTION = YES;
				GCC_WARN_UNUSED_VARIABLE = YES;
				LOCALIZATION_PREFERS_STRING_CATALOGS = YES;
				MACOSX_DEPLOYMENT_TARGET = 14.0;
				MTL_ENABLE_DEBUG_INFO = INCLUDE_SOURCE;
				MTL_FAST_MATH = YES;
				ONLY_ACTIVE_ARCH = YES;
				SDKROOT = macosx;
				SWIFT_ACTIVE_COMPILATION_CONDITIONS = "DEBUG $(inherited)";
				SWIFT_OPTIMIZATION_LEVEL = "-Onone";
			};
			name = Debug;
		};
		7FE650EF2B0D1D4E00D781E9 /* Release */ = {
			isa = XCBuildConfiguration;
			buildSettings = {
				ALWAYS_SEARCH_USER_PATHS = NO;
				ASSETCATALOG_COMPILER_GENERATE_SWIFT_ASSET_SYMBOL_EXTENSIONS = YES;
				CLANG_ANALYZER_NONNULL = YES;
				CLANG_ANALYZER_NUMBER_OBJECT_CONVERSION = YES_AGGRESSIVE;
				CLANG_CXX_LANGUAGE_STANDARD = "gnu++20";
				CLANG_ENABLE_MODULES = YES;
				CLANG_ENABLE_OBJC_ARC = YES;
				CLANG_ENABLE_OBJC_WEAK = YES;
				CLANG_WARN_BLOCK_CAPTURE_AUTORELEASING = YES;
				CLANG_WARN_BOOL_CONVERSION = YES;
				CLANG_WARN_COMMA = YES;
				CLANG_WARN_CONSTANT_CONVERSION = YES;
				CLANG_WARN_DEPRECATED_OBJC_IMPLEMENTATIONS = YES;
				CLANG_WARN_DIRECT_OBJC_ISA_USAGE = YES_ERROR;
				CLANG_WARN_DOCUMENTATION_COMMENTS = YES;
				CLANG_WARN_EMPTY_BODY = YES;
				CLANG_WARN_ENUM_CONVERSION = YES;
				CLANG_WARN_INFINITE_RECURSION = YES;
				CLANG_WARN_INT_CONVERSION = YES;
				CLANG_WARN_NON_LITERAL_NULL_CONVERSION = YES;
				CLANG_WARN_OBJC_IMPLICIT_RETAIN_SELF = YES;
				CLANG_WARN_OBJC_LITERAL_CONVERSION = YES;
				CLANG_WARN_OBJC_ROOT_CLASS = YES_ERROR;
				CLANG_WARN_QUOTED_INCLUDE_IN_FRAMEWORK_HEADER = YES;
				CLANG_WARN_RANGE_LOOP_ANALYSIS = YES;
				CLANG_WARN_STRICT_PROTOTYPES = YES;
				CLANG_WARN_SUSPICIOUS_MOVE = YES;
				CLANG_WARN_UNGUARDED_AVAILABILITY = YES_AGGRESSIVE;
				CLANG_WARN_UNREACHABLE_CODE = YES;
				CLANG_WARN__DUPLICATE_METHOD_MATCH = YES;
				COPY_PHASE_STRIP = NO;
				DEBUG_INFORMATION_FORMAT = "dwarf-with-dsym";
				ENABLE_NS_ASSERTIONS = NO;
				ENABLE_STRICT_OBJC_MSGSEND = YES;
				ENABLE_USER_SCRIPT_SANDBOXING = YES;
				GCC_C_LANGUAGE_STANDARD = gnu17;
				GCC_NO_COMMON_BLOCKS = YES;
				GCC_WARN_64_TO_32_BIT_CONVERSION = YES;
				GCC_WARN_ABOUT_RETURN_TYPE = YES_ERROR;
				GCC_WARN_UNDECLARED_SELECTOR = YES;
				GCC_WARN_UNINITIALIZED_AUTOS = YES_AGGRESSIVE;
				GCC_WARN_UNUSED_FUNCTION = YES;
				GCC_WARN_UNUSED_VARIABLE = YES;
				LOCALIZATION_PREFERS_STRING_CATALOGS = YES;
				MACOSX_DEPLOYMENT_TARGET = 14.0;
				MTL_ENABLE_DEBUG_INFO = NO;
				MTL_FAST_MATH = YES;
				SDKROOT = macosx;
				SWIFT_COMPILATION_MODE = wholemodule;
			};
			name = Release;
		};
		7FE650F12B0D1D4E00D781E9 /* Debug */ = {
			isa = XCBuildConfiguration;
			buildSettings = {
				ASSETCATALOG_COMPILER_APPICON_NAME = AppIcon;
				ASSETCATALOG_COMPILER_GLOBAL_ACCENT_COLOR_NAME = AccentColor;
				CODE_SIGN_ENTITLEMENTS = CoreDataProductos/CoreDataProductos.entitlements;
				CODE_SIGN_STYLE = Automatic;
				COMBINE_HIDPI_IMAGES = YES;
				CURRENT_PROJECT_VERSION = 1;
				DEVELOPMENT_ASSET_PATHS = "\"CoreDataProductos/Preview Content\"";
				DEVELOPMENT_TEAM = 2M2SHNC6M6;
				ENABLE_HARDENED_RUNTIME = YES;
				ENABLE_PREVIEWS = YES;
				GENERATE_INFOPLIST_FILE = YES;
				INFOPLIST_KEY_NSHumanReadableCopyright = "";
				LD_RUNPATH_SEARCH_PATHS = (
					"$(inherited)",
					"@executable_path/../Frameworks",
				);
				MARKETING_VERSION = 1.0;
				PRODUCT_BUNDLE_IDENTIFIER = com.lasalle.CoreDataProductos;
				PRODUCT_NAME = "$(TARGET_NAME)";
				SWIFT_EMIT_LOC_STRINGS = YES;
				SWIFT_VERSION = 5.0;
			};
			name = Debug;
		};
		7FE650F22B0D1D4E00D781E9 /* Release */ = {
			isa = XCBuildConfiguration;
			buildSettings = {
				ASSETCATALOG_COMPILER_APPICON_NAME = AppIcon;
				ASSETCATALOG_COMPILER_GLOBAL_ACCENT_COLOR_NAME = AccentColor;
				CODE_SIGN_ENTITLEMENTS = CoreDataProductos/CoreDataProductos.entitlements;
				CODE_SIGN_STYLE = Automatic;
				COMBINE_HIDPI_IMAGES = YES;
				CURRENT_PROJECT_VERSION = 1;
				DEVELOPMENT_ASSET_PATHS = "\"CoreDataProductos/Preview Content\"";
				DEVELOPMENT_TEAM = 2M2SHNC6M6;
				ENABLE_HARDENED_RUNTIME = YES;
				ENABLE_PREVIEWS = YES;
				GENERATE_INFOPLIST_FILE = YES;
				INFOPLIST_KEY_NSHumanReadableCopyright = "";
				LD_RUNPATH_SEARCH_PATHS = (
					"$(inherited)",
					"@executable_path/../Frameworks",
				);
				MARKETING_VERSION = 1.0;
				PRODUCT_BUNDLE_IDENTIFIER = com.lasalle.CoreDataProductos;
				PRODUCT_NAME = "$(TARGET_NAME)";
				SWIFT_EMIT_LOC_STRINGS = YES;
				SWIFT_VERSION = 5.0;
			};
			name = Release;
		};
/* End XCBuildConfiguration section */

/* Begin XCConfigurationList section */
		7FE650D72B0D1D4D00D781E9 /* Build configuration list for PBXProject "CoreDataProductos" */ = {
			isa = XCConfigurationList;
			buildConfigurations = (
				7FE650EE2B0D1D4E00D781E9 /* Debug */,
				7FE650EF2B0D1D4E00D781E9 /* Release */,
			);
			defaultConfigurationIsVisible = 0;
			defaultConfigurationName = Release;
		};
		7FE650F02B0D1D4E00D781E9 /* Build configuration list for PBXNativeTarget "CoreDataProductos" */ = {
			isa = XCConfigurationList;
			buildConfigurations = (
				7FE650F12B0D1D4E00D781E9 /* Debug */,
				7FE650F22B0D1D4E00D781E9 /* Release */,
			);
			defaultConfigurationIsVisible = 0;
			defaultConfigurationName = Release;
		};
/* End XCConfigurationList section */

/* Begin XCVersionGroup section */
		7FE650EA2B0D1D4E00D781E9 /* CoreDataProductos.xcdatamodeld */ = {
			isa = XCVersionGroup;
			children = (
				7FE650EB2B0D1D4E00D781E9 /* CoreDataProductos.xcdatamodel */,
			);
			currentVersion = 7FE650EB2B0D1D4E00D781E9 /* CoreDataProductos.xcdatamodel */;
			path = CoreDataProductos.xcdatamodeld;
			sourceTree = "<group>";
			versionGroupType = wrapper.xcdatamodel;
		};
/* End XCVersionGroup section */
	};
	rootObject = 7FE650D42B0D1D4D00D781E9 /* Project object */;
}
